
Microsoft Visual Studio Solution File, Format Version 12.00
# Visual Studio 15
VisualStudioVersion = 15.0.27703.2042
MinimumVisualStudioVersion = 10.0.40219.1
Project("{FAE04EC0-301F-11D3-BF4B-00C04F79EFBC}") = "UDM.Insurance.Business", "UDM.Insurance.Business\UDM.Insurance.Business.csproj", "{70D827FF-B146-4ECA-8EF4-966AC302D2E0}"
EndProject
Project("{FAE04EC0-301F-11D3-BF4B-00C04F79EFBC}") = "UDM.Insurance.Interface", "UDM.Insurance.Interface\UDM.Insurance.Interface.csproj", "{27E3EFC3-4B30-451B-BF32-FE7F3A3CDB50}"
EndProject
Project("{FAE04EC0-301F-11D3-BF4B-00C04F79EFBC}") = "Embriant.Framework", "..\udmcore\Embriant.Framework\Embriant.Framework.csproj", "{B664B2DD-49C8-4A75-92EF-629A16D2DB04}"
EndProject
Project("{FAE04EC0-301F-11D3-BF4B-00C04F79EFBC}") = "UDM.WPF", "..\udmwpf\UDM.WPF\UDM.WPF.csproj", "{2E4744C7-80A5-446C-BB36-E7F678AC5F79}"
EndProject
Project("{FAE04EC0-301F-11D3-BF4B-00C04F79EFBC}") = "Embriant.WPF", "..\udmcore\Embriant.WPF\Embriant.WPF.csproj", "{E5FD5E1A-3D7A-4E7C-8354-3C86B1E94A43}"
EndProject
Project("{FAE04EC0-301F-11D3-BF4B-00C04F79EFBC}") = "Embriant.DllLibrary", "..\udmcore\Embriant.DllLibrary\Embriant.DllLibrary.csproj", "{75B343F9-A849-41CB-B156-D540846CB9F1}"
EndProject
Project("{FAE04EC0-301F-11D3-BF4B-00C04F79EFBC}") = "CTPhoneAxLib", "CTPhoneAxLib\CTPhoneAxLib.csproj", "{47C9657C-6506-4843-AA30-112429129929}"
EndProject
Global
	GlobalSection(SolutionConfigurationPlatforms) = preSolution
		Debug|Any CPU = Debug|Any CPU
		Debug|Mixed Platforms = Debug|Mixed Platforms
		Debug|x64 = Debug|x64
		Debug|x86 = Debug|x86
		Release|Any CPU = Release|Any CPU
		Release|Mixed Platforms = Release|Mixed Platforms
		Release|x64 = Release|x64
		Release|x86 = Release|x86
		Test|Any CPU = Test|Any CPU
		Test|Mixed Platforms = Test|Mixed Platforms
		Test|x64 = Test|x64
		Test|x86 = Test|x86
		Training|Any CPU = Training|Any CPU
		Training|Mixed Platforms = Training|Mixed Platforms
		Training|x64 = Training|x64
		Training|x86 = Training|x86
	EndGlobalSection
	GlobalSection(ProjectConfigurationPlatforms) = postSolution
		{70D827FF-B146-4ECA-8EF4-966AC302D2E0}.Debug|Any CPU.ActiveCfg = Debug|x86
		{70D827FF-B146-4ECA-8EF4-966AC302D2E0}.Debug|Mixed Platforms.ActiveCfg = Debug|x86
		{70D827FF-B146-4ECA-8EF4-966AC302D2E0}.Debug|Mixed Platforms.Build.0 = Debug|x86
		{70D827FF-B146-4ECA-8EF4-966AC302D2E0}.Debug|x64.ActiveCfg = Debug|x86
		{70D827FF-B146-4ECA-8EF4-966AC302D2E0}.Debug|x86.ActiveCfg = Debug|x86
		{70D827FF-B146-4ECA-8EF4-966AC302D2E0}.Debug|x86.Build.0 = Debug|x86
		{70D827FF-B146-4ECA-8EF4-966AC302D2E0}.Release|Any CPU.ActiveCfg = Release|x86
		{70D827FF-B146-4ECA-8EF4-966AC302D2E0}.Release|Mixed Platforms.ActiveCfg = Release|x86
		{70D827FF-B146-4ECA-8EF4-966AC302D2E0}.Release|Mixed Platforms.Build.0 = Release|x86
		{70D827FF-B146-4ECA-8EF4-966AC302D2E0}.Release|x64.ActiveCfg = Release|x86
		{70D827FF-B146-4ECA-8EF4-966AC302D2E0}.Release|x86.ActiveCfg = Release|x86
		{70D827FF-B146-4ECA-8EF4-966AC302D2E0}.Release|x86.Build.0 = Release|x86
		{70D827FF-B146-4ECA-8EF4-966AC302D2E0}.Test|Any CPU.ActiveCfg = Test|x86
		{70D827FF-B146-4ECA-8EF4-966AC302D2E0}.Test|Mixed Platforms.ActiveCfg = Test|x86
		{70D827FF-B146-4ECA-8EF4-966AC302D2E0}.Test|Mixed Platforms.Build.0 = Test|x86
		{70D827FF-B146-4ECA-8EF4-966AC302D2E0}.Test|x64.ActiveCfg = Test|x86
		{70D827FF-B146-4ECA-8EF4-966AC302D2E0}.Test|x86.ActiveCfg = Test|x86
		{70D827FF-B146-4ECA-8EF4-966AC302D2E0}.Test|x86.Build.0 = Test|x86
		{70D827FF-B146-4ECA-8EF4-966AC302D2E0}.Training|Any CPU.ActiveCfg = Training|x86
		{70D827FF-B146-4ECA-8EF4-966AC302D2E0}.Training|Mixed Platforms.ActiveCfg = Training|x86
		{70D827FF-B146-4ECA-8EF4-966AC302D2E0}.Training|Mixed Platforms.Build.0 = Training|x86
		{70D827FF-B146-4ECA-8EF4-966AC302D2E0}.Training|x64.ActiveCfg = Training|x86
		{70D827FF-B146-4ECA-8EF4-966AC302D2E0}.Training|x86.ActiveCfg = Training|x86
		{70D827FF-B146-4ECA-8EF4-966AC302D2E0}.Training|x86.Build.0 = Training|x86
		{27E3EFC3-4B30-451B-BF32-FE7F3A3CDB50}.Debug|Any CPU.ActiveCfg = Debug|x86
		{27E3EFC3-4B30-451B-BF32-FE7F3A3CDB50}.Debug|Mixed Platforms.ActiveCfg = Debug|x86
		{27E3EFC3-4B30-451B-BF32-FE7F3A3CDB50}.Debug|Mixed Platforms.Build.0 = Debug|x86
		{27E3EFC3-4B30-451B-BF32-FE7F3A3CDB50}.Debug|x64.ActiveCfg = Debug|x86
		{27E3EFC3-4B30-451B-BF32-FE7F3A3CDB50}.Debug|x86.ActiveCfg = Debug|x86
		{27E3EFC3-4B30-451B-BF32-FE7F3A3CDB50}.Debug|x86.Build.0 = Debug|x86
		{27E3EFC3-4B30-451B-BF32-FE7F3A3CDB50}.Release|Any CPU.ActiveCfg = Release|x86
		{27E3EFC3-4B30-451B-BF32-FE7F3A3CDB50}.Release|Mixed Platforms.ActiveCfg = Release|x86
		{27E3EFC3-4B30-451B-BF32-FE7F3A3CDB50}.Release|Mixed Platforms.Build.0 = Release|x86
		{27E3EFC3-4B30-451B-BF32-FE7F3A3CDB50}.Release|x64.ActiveCfg = Release|x86
		{27E3EFC3-4B30-451B-BF32-FE7F3A3CDB50}.Release|x86.ActiveCfg = Release|x86
		{27E3EFC3-4B30-451B-BF32-FE7F3A3CDB50}.Release|x86.Build.0 = Release|x86
		{27E3EFC3-4B30-451B-BF32-FE7F3A3CDB50}.Test|Any CPU.ActiveCfg = Test|x86
		{27E3EFC3-4B30-451B-BF32-FE7F3A3CDB50}.Test|Mixed Platforms.ActiveCfg = Test|x86
		{27E3EFC3-4B30-451B-BF32-FE7F3A3CDB50}.Test|Mixed Platforms.Build.0 = Test|x86
		{27E3EFC3-4B30-451B-BF32-FE7F3A3CDB50}.Test|x64.ActiveCfg = Test|x86
		{27E3EFC3-4B30-451B-BF32-FE7F3A3CDB50}.Test|x86.ActiveCfg = Test|x86
		{27E3EFC3-4B30-451B-BF32-FE7F3A3CDB50}.Test|x86.Build.0 = Test|x86
		{27E3EFC3-4B30-451B-BF32-FE7F3A3CDB50}.Training|Any CPU.ActiveCfg = Training|x86
		{27E3EFC3-4B30-451B-BF32-FE7F3A3CDB50}.Training|Mixed Platforms.ActiveCfg = Training|x86
		{27E3EFC3-4B30-451B-BF32-FE7F3A3CDB50}.Training|Mixed Platforms.Build.0 = Training|x86
		{27E3EFC3-4B30-451B-BF32-FE7F3A3CDB50}.Training|x64.ActiveCfg = Training|x86
		{27E3EFC3-4B30-451B-BF32-FE7F3A3CDB50}.Training|x86.ActiveCfg = Training|x86
		{27E3EFC3-4B30-451B-BF32-FE7F3A3CDB50}.Training|x86.Build.0 = Training|x86
		{B664B2DD-49C8-4A75-92EF-629A16D2DB04}.Debug|Any CPU.ActiveCfg = Debug|Any CPU
		{B664B2DD-49C8-4A75-92EF-629A16D2DB04}.Debug|Any CPU.Build.0 = Debug|Any CPU
		{B664B2DD-49C8-4A75-92EF-629A16D2DB04}.Debug|Mixed Platforms.ActiveCfg = Debug|x86
		{B664B2DD-49C8-4A75-92EF-629A16D2DB04}.Debug|Mixed Platforms.Build.0 = Debug|x86
		{B664B2DD-49C8-4A75-92EF-629A16D2DB04}.Debug|x64.ActiveCfg = Debug|x64
		{B664B2DD-49C8-4A75-92EF-629A16D2DB04}.Debug|x64.Build.0 = Debug|x64
		{B664B2DD-49C8-4A75-92EF-629A16D2DB04}.Debug|x86.ActiveCfg = Debug|x86
		{B664B2DD-49C8-4A75-92EF-629A16D2DB04}.Debug|x86.Build.0 = Debug|x86
		{B664B2DD-49C8-4A75-92EF-629A16D2DB04}.Release|Any CPU.ActiveCfg = Release|Any CPU
		{B664B2DD-49C8-4A75-92EF-629A16D2DB04}.Release|Any CPU.Build.0 = Release|Any CPU
		{B664B2DD-49C8-4A75-92EF-629A16D2DB04}.Release|Mixed Platforms.ActiveCfg = Release|x86
		{B664B2DD-49C8-4A75-92EF-629A16D2DB04}.Release|Mixed Platforms.Build.0 = Release|x86
		{B664B2DD-49C8-4A75-92EF-629A16D2DB04}.Release|x64.ActiveCfg = Release|x64
		{B664B2DD-49C8-4A75-92EF-629A16D2DB04}.Release|x64.Build.0 = Release|x64
		{B664B2DD-49C8-4A75-92EF-629A16D2DB04}.Release|x86.ActiveCfg = Release|x86
		{B664B2DD-49C8-4A75-92EF-629A16D2DB04}.Release|x86.Build.0 = Release|x86
		{B664B2DD-49C8-4A75-92EF-629A16D2DB04}.Test|Any CPU.ActiveCfg = Test|Any CPU
		{B664B2DD-49C8-4A75-92EF-629A16D2DB04}.Test|Any CPU.Build.0 = Test|Any CPU
		{B664B2DD-49C8-4A75-92EF-629A16D2DB04}.Test|Mixed Platforms.ActiveCfg = Test|x86
		{B664B2DD-49C8-4A75-92EF-629A16D2DB04}.Test|Mixed Platforms.Build.0 = Test|x86
		{B664B2DD-49C8-4A75-92EF-629A16D2DB04}.Test|x64.ActiveCfg = Test|x64
		{B664B2DD-49C8-4A75-92EF-629A16D2DB04}.Test|x64.Build.0 = Test|x64
		{B664B2DD-49C8-4A75-92EF-629A16D2DB04}.Test|x86.ActiveCfg = Test|x86
		{B664B2DD-49C8-4A75-92EF-629A16D2DB04}.Test|x86.Build.0 = Test|x86
		{B664B2DD-49C8-4A75-92EF-629A16D2DB04}.Training|Any CPU.ActiveCfg = Training|Any CPU
		{B664B2DD-49C8-4A75-92EF-629A16D2DB04}.Training|Any CPU.Build.0 = Training|Any CPU
		{B664B2DD-49C8-4A75-92EF-629A16D2DB04}.Training|Mixed Platforms.ActiveCfg = Training|x86
		{B664B2DD-49C8-4A75-92EF-629A16D2DB04}.Training|Mixed Platforms.Build.0 = Training|x86
		{B664B2DD-49C8-4A75-92EF-629A16D2DB04}.Training|x64.ActiveCfg = Training|x64
		{B664B2DD-49C8-4A75-92EF-629A16D2DB04}.Training|x64.Build.0 = Training|x64
		{B664B2DD-49C8-4A75-92EF-629A16D2DB04}.Training|x86.ActiveCfg = Training|x86
		{B664B2DD-49C8-4A75-92EF-629A16D2DB04}.Training|x86.Build.0 = Training|x86
		{2E4744C7-80A5-446C-BB36-E7F678AC5F79}.Debug|Any CPU.ActiveCfg = Debug|Any CPU
		{2E4744C7-80A5-446C-BB36-E7F678AC5F79}.Debug|Any CPU.Build.0 = Debug|Any CPU
		{2E4744C7-80A5-446C-BB36-E7F678AC5F79}.Debug|Mixed Platforms.ActiveCfg = Debug|x86
		{2E4744C7-80A5-446C-BB36-E7F678AC5F79}.Debug|Mixed Platforms.Build.0 = Debug|x86
		{2E4744C7-80A5-446C-BB36-E7F678AC5F79}.Debug|x64.ActiveCfg = Debug|Any CPU
		{2E4744C7-80A5-446C-BB36-E7F678AC5F79}.Debug|x86.ActiveCfg = Debug|x86
		{2E4744C7-80A5-446C-BB36-E7F678AC5F79}.Debug|x86.Build.0 = Debug|x86
		{2E4744C7-80A5-446C-BB36-E7F678AC5F79}.Release|Any CPU.ActiveCfg = Release|Any CPU
		{2E4744C7-80A5-446C-BB36-E7F678AC5F79}.Release|Any CPU.Build.0 = Release|Any CPU
		{2E4744C7-80A5-446C-BB36-E7F678AC5F79}.Release|Mixed Platforms.ActiveCfg = Release|x86
		{2E4744C7-80A5-446C-BB36-E7F678AC5F79}.Release|Mixed Platforms.Build.0 = Release|x86
		{2E4744C7-80A5-446C-BB36-E7F678AC5F79}.Release|x64.ActiveCfg = Release|Any CPU
		{2E4744C7-80A5-446C-BB36-E7F678AC5F79}.Release|x86.ActiveCfg = Release|x86
		{2E4744C7-80A5-446C-BB36-E7F678AC5F79}.Release|x86.Build.0 = Release|x86
		{2E4744C7-80A5-446C-BB36-E7F678AC5F79}.Test|Any CPU.ActiveCfg = Test|Any CPU
		{2E4744C7-80A5-446C-BB36-E7F678AC5F79}.Test|Any CPU.Build.0 = Test|Any CPU
		{2E4744C7-80A5-446C-BB36-E7F678AC5F79}.Test|Mixed Platforms.ActiveCfg = Test|x86
		{2E4744C7-80A5-446C-BB36-E7F678AC5F79}.Test|Mixed Platforms.Build.0 = Test|x86
		{2E4744C7-80A5-446C-BB36-E7F678AC5F79}.Test|x64.ActiveCfg = Test|Any CPU
		{2E4744C7-80A5-446C-BB36-E7F678AC5F79}.Test|x86.ActiveCfg = Test|x86
		{2E4744C7-80A5-446C-BB36-E7F678AC5F79}.Test|x86.Build.0 = Test|x86
		{2E4744C7-80A5-446C-BB36-E7F678AC5F79}.Training|Any CPU.ActiveCfg = Test|Any CPU
		{2E4744C7-80A5-446C-BB36-E7F678AC5F79}.Training|Any CPU.Build.0 = Test|Any CPU
		{2E4744C7-80A5-446C-BB36-E7F678AC5F79}.Training|Mixed Platforms.ActiveCfg = Test|x86
		{2E4744C7-80A5-446C-BB36-E7F678AC5F79}.Training|Mixed Platforms.Build.0 = Test|x86
		{2E4744C7-80A5-446C-BB36-E7F678AC5F79}.Training|x64.ActiveCfg = Test|Any CPU
		{2E4744C7-80A5-446C-BB36-E7F678AC5F79}.Training|x64.Build.0 = Test|Any CPU
		{2E4744C7-80A5-446C-BB36-E7F678AC5F79}.Training|x86.ActiveCfg = Test|x86
		{2E4744C7-80A5-446C-BB36-E7F678AC5F79}.Training|x86.Build.0 = Test|x86
		{E5FD5E1A-3D7A-4E7C-8354-3C86B1E94A43}.Debug|Any CPU.ActiveCfg = Debug|Any CPU
		{E5FD5E1A-3D7A-4E7C-8354-3C86B1E94A43}.Debug|Any CPU.Build.0 = Debug|Any CPU
		{E5FD5E1A-3D7A-4E7C-8354-3C86B1E94A43}.Debug|Mixed Platforms.ActiveCfg = Debug|x86
		{E5FD5E1A-3D7A-4E7C-8354-3C86B1E94A43}.Debug|Mixed Platforms.Build.0 = Debug|x86
		{E5FD5E1A-3D7A-4E7C-8354-3C86B1E94A43}.Debug|x64.ActiveCfg = Debug|Any CPU
		{E5FD5E1A-3D7A-4E7C-8354-3C86B1E94A43}.Debug|x86.ActiveCfg = Debug|x86
		{E5FD5E1A-3D7A-4E7C-8354-3C86B1E94A43}.Debug|x86.Build.0 = Debug|x86
		{E5FD5E1A-3D7A-4E7C-8354-3C86B1E94A43}.Release|Any CPU.ActiveCfg = Release|Any CPU
		{E5FD5E1A-3D7A-4E7C-8354-3C86B1E94A43}.Release|Any CPU.Build.0 = Release|Any CPU
		{E5FD5E1A-3D7A-4E7C-8354-3C86B1E94A43}.Release|Mixed Platforms.ActiveCfg = Release|x86
		{E5FD5E1A-3D7A-4E7C-8354-3C86B1E94A43}.Release|Mixed Platforms.Build.0 = Release|x86
		{E5FD5E1A-3D7A-4E7C-8354-3C86B1E94A43}.Release|x64.ActiveCfg = Release|Any CPU
		{E5FD5E1A-3D7A-4E7C-8354-3C86B1E94A43}.Release|x86.ActiveCfg = Release|x86
		{E5FD5E1A-3D7A-4E7C-8354-3C86B1E94A43}.Release|x86.Build.0 = Release|x86
		{E5FD5E1A-3D7A-4E7C-8354-3C86B1E94A43}.Test|Any CPU.ActiveCfg = Test|Any CPU
		{E5FD5E1A-3D7A-4E7C-8354-3C86B1E94A43}.Test|Any CPU.Build.0 = Test|Any CPU
		{E5FD5E1A-3D7A-4E7C-8354-3C86B1E94A43}.Test|Mixed Platforms.ActiveCfg = Test|x86
		{E5FD5E1A-3D7A-4E7C-8354-3C86B1E94A43}.Test|Mixed Platforms.Build.0 = Test|x86
		{E5FD5E1A-3D7A-4E7C-8354-3C86B1E94A43}.Test|x64.ActiveCfg = Test|Any CPU
		{E5FD5E1A-3D7A-4E7C-8354-3C86B1E94A43}.Test|x86.ActiveCfg = Test|x86
		{E5FD5E1A-3D7A-4E7C-8354-3C86B1E94A43}.Test|x86.Build.0 = Test|x86
		{E5FD5E1A-3D7A-4E7C-8354-3C86B1E94A43}.Training|Any CPU.ActiveCfg = Training|Any CPU
		{E5FD5E1A-3D7A-4E7C-8354-3C86B1E94A43}.Training|Any CPU.Build.0 = Training|Any CPU
		{E5FD5E1A-3D7A-4E7C-8354-3C86B1E94A43}.Training|Mixed Platforms.ActiveCfg = Training|x86
		{E5FD5E1A-3D7A-4E7C-8354-3C86B1E94A43}.Training|Mixed Platforms.Build.0 = Training|x86
		{E5FD5E1A-3D7A-4E7C-8354-3C86B1E94A43}.Training|x64.ActiveCfg = Training|Any CPU
		{E5FD5E1A-3D7A-4E7C-8354-3C86B1E94A43}.Training|x64.Build.0 = Training|Any CPU
		{E5FD5E1A-3D7A-4E7C-8354-3C86B1E94A43}.Training|x86.ActiveCfg = Training|x86
		{E5FD5E1A-3D7A-4E7C-8354-3C86B1E94A43}.Training|x86.Build.0 = Training|x86
		{75B343F9-A849-41CB-B156-D540846CB9F1}.Debug|Any CPU.ActiveCfg = Debug|Any CPU
		{75B343F9-A849-41CB-B156-D540846CB9F1}.Debug|Any CPU.Build.0 = Debug|Any CPU
		{75B343F9-A849-41CB-B156-D540846CB9F1}.Debug|Mixed Platforms.ActiveCfg = Debug|x86
		{75B343F9-A849-41CB-B156-D540846CB9F1}.Debug|Mixed Platforms.Build.0 = Debug|x86
		{75B343F9-A849-41CB-B156-D540846CB9F1}.Debug|x64.ActiveCfg = Debug|x64
		{75B343F9-A849-41CB-B156-D540846CB9F1}.Debug|x64.Build.0 = Debug|x64
		{75B343F9-A849-41CB-B156-D540846CB9F1}.Debug|x86.ActiveCfg = Debug|x86
		{75B343F9-A849-41CB-B156-D540846CB9F1}.Debug|x86.Build.0 = Debug|x86
		{75B343F9-A849-41CB-B156-D540846CB9F1}.Release|Any CPU.ActiveCfg = Release|Any CPU
		{75B343F9-A849-41CB-B156-D540846CB9F1}.Release|Any CPU.Build.0 = Release|Any CPU
		{75B343F9-A849-41CB-B156-D540846CB9F1}.Release|Mixed Platforms.ActiveCfg = Release|x86
		{75B343F9-A849-41CB-B156-D540846CB9F1}.Release|Mixed Platforms.Build.0 = Release|x86
		{75B343F9-A849-41CB-B156-D540846CB9F1}.Release|x64.ActiveCfg = Release|x64
		{75B343F9-A849-41CB-B156-D540846CB9F1}.Release|x64.Build.0 = Release|x64
		{75B343F9-A849-41CB-B156-D540846CB9F1}.Release|x86.ActiveCfg = Release|x86
		{75B343F9-A849-41CB-B156-D540846CB9F1}.Release|x86.Build.0 = Release|x86
		{75B343F9-A849-41CB-B156-D540846CB9F1}.Test|Any CPU.ActiveCfg = Test|Any CPU
		{75B343F9-A849-41CB-B156-D540846CB9F1}.Test|Any CPU.Build.0 = Test|Any CPU
		{75B343F9-A849-41CB-B156-D540846CB9F1}.Test|Mixed Platforms.ActiveCfg = Test|x86
		{75B343F9-A849-41CB-B156-D540846CB9F1}.Test|Mixed Platforms.Build.0 = Test|x86
		{75B343F9-A849-41CB-B156-D540846CB9F1}.Test|x64.ActiveCfg = Test|x64
		{75B343F9-A849-41CB-B156-D540846CB9F1}.Test|x64.Build.0 = Test|x64
		{75B343F9-A849-41CB-B156-D540846CB9F1}.Test|x86.ActiveCfg = Test|x86
		{75B343F9-A849-41CB-B156-D540846CB9F1}.Test|x86.Build.0 = Test|x86
		{75B343F9-A849-41CB-B156-D540846CB9F1}.Training|Any CPU.ActiveCfg = Training|Any CPU
		{75B343F9-A849-41CB-B156-D540846CB9F1}.Training|Any CPU.Build.0 = Training|Any CPU
		{75B343F9-A849-41CB-B156-D540846CB9F1}.Training|Mixed Platforms.ActiveCfg = Training|x86
		{75B343F9-A849-41CB-B156-D540846CB9F1}.Training|Mixed Platforms.Build.0 = Training|x86
		{75B343F9-A849-41CB-B156-D540846CB9F1}.Training|x64.ActiveCfg = Training|x64
		{75B343F9-A849-41CB-B156-D540846CB9F1}.Training|x64.Build.0 = Training|x64
		{75B343F9-A849-41CB-B156-D540846CB9F1}.Training|x86.ActiveCfg = Training|x86
		{75B343F9-A849-41CB-B156-D540846CB9F1}.Training|x86.Build.0 = Training|x86
		{47C9657C-6506-4843-AA30-112429129929}.Debug|Any CPU.ActiveCfg = Debug|Any CPU
		{47C9657C-6506-4843-AA30-112429129929}.Debug|Any CPU.Build.0 = Debug|Any CPU
		{47C9657C-6506-4843-AA30-112429129929}.Debug|Mixed Platforms.ActiveCfg = Debug|Any CPU
		{47C9657C-6506-4843-AA30-112429129929}.Debug|Mixed Platforms.Build.0 = Debug|Any CPU
		{47C9657C-6506-4843-AA30-112429129929}.Debug|x64.ActiveCfg = Debug|Any CPU
		{47C9657C-6506-4843-AA30-112429129929}.Debug|x64.Build.0 = Debug|Any CPU
		{47C9657C-6506-4843-AA30-112429129929}.Debug|x86.ActiveCfg = Debug|Any CPU
		{47C9657C-6506-4843-AA30-112429129929}.Debug|x86.Build.0 = Debug|Any CPU
		{47C9657C-6506-4843-AA30-112429129929}.Release|Any CPU.ActiveCfg = Release|Any CPU
		{47C9657C-6506-4843-AA30-112429129929}.Release|Any CPU.Build.0 = Release|Any CPU
		{47C9657C-6506-4843-AA30-112429129929}.Release|Mixed Platforms.ActiveCfg = Release|Any CPU
		{47C9657C-6506-4843-AA30-112429129929}.Release|Mixed Platforms.Build.0 = Release|Any CPU
		{47C9657C-6506-4843-AA30-112429129929}.Release|x64.ActiveCfg = Release|Any CPU
		{47C9657C-6506-4843-AA30-112429129929}.Release|x64.Build.0 = Release|Any CPU
		{47C9657C-6506-4843-AA30-112429129929}.Release|x86.ActiveCfg = Release|Any CPU
		{47C9657C-6506-4843-AA30-112429129929}.Release|x86.Build.0 = Release|Any CPU
		{47C9657C-6506-4843-AA30-112429129929}.Test|Any CPU.ActiveCfg = Release|Any CPU
		{47C9657C-6506-4843-AA30-112429129929}.Test|Any CPU.Build.0 = Release|Any CPU
		{47C9657C-6506-4843-AA30-112429129929}.Test|Mixed Platforms.ActiveCfg = Release|Any CPU
		{47C9657C-6506-4843-AA30-112429129929}.Test|Mixed Platforms.Build.0 = Release|Any CPU
		{47C9657C-6506-4843-AA30-112429129929}.Test|x64.ActiveCfg = Release|Any CPU
		{47C9657C-6506-4843-AA30-112429129929}.Test|x64.Build.0 = Release|Any CPU
		{47C9657C-6506-4843-AA30-112429129929}.Test|x86.ActiveCfg = Release|Any CPU
		{47C9657C-6506-4843-AA30-112429129929}.Test|x86.Build.0 = Release|Any CPU
		{47C9657C-6506-4843-AA30-112429129929}.Training|Any CPU.ActiveCfg = Training|Any CPU
		{47C9657C-6506-4843-AA30-112429129929}.Training|Any CPU.Build.0 = Training|Any CPU
		{47C9657C-6506-4843-AA30-112429129929}.Training|Mixed Platforms.ActiveCfg = Training|Any CPU
		{47C9657C-6506-4843-AA30-112429129929}.Training|Mixed Platforms.Build.0 = Training|Any CPU
		{47C9657C-6506-4843-AA30-112429129929}.Training|x64.ActiveCfg = Training|Any CPU
		{47C9657C-6506-4843-AA30-112429129929}.Training|x64.Build.0 = Training|Any CPU
		{47C9657C-6506-4843-AA30-112429129929}.Training|x86.ActiveCfg = Training|Any CPU
		{47C9657C-6506-4843-AA30-112429129929}.Training|x86.Build.0 = Training|Any CPU
	EndGlobalSection
	GlobalSection(SolutionProperties) = preSolution
		HideSolutionNode = FALSE
	EndGlobalSection
	GlobalSection(ExtensibilityGlobals) = postSolution
		SolutionGuid = {79BE35D1-9185-4E44-8B0C-CA39807B99E4}
	EndGlobalSection
EndGlobal
